# This file is automatically @generated by Cargo.
# It is not intended for manual editing.
version = 3

[[package]]
name = "array-macro"
version = "2.1.5"
source = "registry+https://github.com/rust-lang/crates.io-index"
checksum = "457661fa6716c30b73d7c41400a8a78780d20523b83a9441dabec28e93f27cf4"

[[package]]
name = "day_16"
version = "0.1.0"
dependencies = [
 "array-macro",
 "text_io",
]

[[package]]
name = "text_io"
version = "0.1.12"
source = "registry+https://github.com/rust-lang/crates.io-index"
checksum = "d5f0c8eb2ad70c12a6a69508f499b3051c924f4b1cfeae85bfad96e6bc5bba46"
